
Microsoft Visual Studio Solution File, Format Version 12.00
# Visual Studio Version 17
VisualStudioVersion = 17.13.35818.85
MinimumVisualStudioVersion = 10.0.40219.1
Project("{FAE04EC0-301F-11D3-BF4B-00C04F79EFBC}") = "FirstApplicationMVC", "FirstApplicationMVC\FirstApplicationMVC.csproj", "{77310338-E1B5-463C-882A-564FD413AE4F}"
EndProject
Project("{FAE04EC0-301F-11D3-BF4B-00C04F79EFBC}") = "WorkingWithVS", "WorkingWithVS\WorkingWithVS.csproj", "{70B6C238-11DC-4925-80F6-FF6903A3B549}"
EndProject
Project("{FAE04EC0-301F-11D3-BF4B-00C04F79EFBC}") = "WorkingWithVS.Tests", "WorkingWithVS.Tests\WorkingWithVS.Tests.csproj", "{F6644025-A8B0-4B54-93F1-8D0CE0C6C452}"
EndProject
Project("{FAE04EC0-301F-11D3-BF4B-00C04F79EFBC}") = "SportsStore", "SportsStore\SportsStore.csproj", "{B2B47EC5-CCCC-490B-930F-926DFCCEC4F6}"
EndProject
Project("{2150E333-8FDC-42A3-9474-1A3956D46DE8}") = "WorkingWithVS", "WorkingWithVS", "{36D591C7-65C7-A0D1-1CBC-10CDE441BDC8}"
EndProject
Project("{2150E333-8FDC-42A3-9474-1A3956D46DE8}") = "SportStore", "SportStore", "{C500046C-0E96-4017-902A-D72B27344E4A}"
EndProject
Project("{FAE04EC0-301F-11D3-BF4B-00C04F79EFBC}") = "SportStore.Tests", "SportStore.Tests\SportStore.Tests.csproj", "{BCB4A3A7-EC06-4442-A0BA-E63034FDEF11}"
EndProject
Project("{2150E333-8FDC-42A3-9474-1A3956D46DE8}") = "ConfiguringApps", "ConfiguringApps", "{E44D6E0F-717C-4949-AFD5-66BBBED28650}"
EndProject
Project("{FAE04EC0-301F-11D3-BF4B-00C04F79EFBC}") = "ConfiguringApps", "ConfiguringApps\ConfiguringApps\ConfiguringApps.csproj", "{1FC6A23A-EA1A-43DD-8388-08750D98CCE8}"
EndProject
Project("{2150E333-8FDC-42A3-9474-1A3956D46DE8}") = "UrlsAndRoutes", "UrlsAndRoutes", "{36BAF269-5F5F-4CD0-B486-A351F1B20F74}"
EndProject
Project("{FAE04EC0-301F-11D3-BF4B-00C04F79EFBC}") = "UrlsAndRoutes", "UrlsAndRoutes\UrlsAndRoutes.csproj", "{28054378-F0B2-4C79-8D89-E484E453E657}"
EndProject
Project("{2150E333-8FDC-42A3-9474-1A3956D46DE8}") = "ControllersAndActions", "ControllersAndActions", "{21C9F96A-1D37-43D9-A6BC-CCCA7D72E0EE}"
EndProject
Project("{FAE04EC0-301F-11D3-BF4B-00C04F79EFBC}") = "ControllersAndActions", "ControllersAndActions\ControllersAndActions\ControllersAndActions.csproj", "{056CFCD8-B6C6-4588-BAA0-7B226DD90F42}"
EndProject
Project("{2150E333-8FDC-42A3-9474-1A3956D46DE8}") = "DependencyInjection", "DependencyInjection", "{07D2B0C1-7038-4DE5-8888-115B0DFE8CF7}"
EndProject
Project("{FAE04EC0-301F-11D3-BF4B-00C04F79EFBC}") = "DependencyInjection", "DependencyInjection\DependencyInjection\DependencyInjection.csproj", "{B2BA4A42-1A57-4509-AEC7-1AA610ABD5A9}"
EndProject
Project("{2150E333-8FDC-42A3-9474-1A3956D46DE8}") = "Filters", "Filters", "{B922EDAC-30A2-40C6-A14B-CFF55566A521}"
EndProject
Project("{FAE04EC0-301F-11D3-BF4B-00C04F79EFBC}") = "Filters", "Filters\Filters\Filters.csproj", "{3EFE3C52-A465-4F6E-948D-C7B836AAFCAD}"
EndProject
Project("{FAE04EC0-301F-11D3-BF4B-00C04F79EFBC}") = "Filters.Tests", "Filters\Filters.Tests\Filters.Tests.csproj", "{5E0F1D4E-9372-701C-67F5-CC8287B87C81}"
EndProject
Global
	GlobalSection(SolutionConfigurationPlatforms) = preSolution
		Debug|Any CPU = Debug|Any CPU
		Release|Any CPU = Release|Any CPU
	EndGlobalSection
	GlobalSection(ProjectConfigurationPlatforms) = postSolution
		{77310338-E1B5-463C-882A-564FD413AE4F}.Debug|Any CPU.ActiveCfg = Debug|Any CPU
		{77310338-E1B5-463C-882A-564FD413AE4F}.Debug|Any CPU.Build.0 = Debug|Any CPU
		{77310338-E1B5-463C-882A-564FD413AE4F}.Release|Any CPU.ActiveCfg = Release|Any CPU
		{77310338-E1B5-463C-882A-564FD413AE4F}.Release|Any CPU.Build.0 = Release|Any CPU
		{70B6C238-11DC-4925-80F6-FF6903A3B549}.Debug|Any CPU.ActiveCfg = Debug|Any CPU
		{70B6C238-11DC-4925-80F6-FF6903A3B549}.Debug|Any CPU.Build.0 = Debug|Any CPU
		{70B6C238-11DC-4925-80F6-FF6903A3B549}.Release|Any CPU.ActiveCfg = Release|Any CPU
		{70B6C238-11DC-4925-80F6-FF6903A3B549}.Release|Any CPU.Build.0 = Release|Any CPU
		{F6644025-A8B0-4B54-93F1-8D0CE0C6C452}.Debug|Any CPU.ActiveCfg = Debug|Any CPU
		{F6644025-A8B0-4B54-93F1-8D0CE0C6C452}.Debug|Any CPU.Build.0 = Debug|Any CPU
		{F6644025-A8B0-4B54-93F1-8D0CE0C6C452}.Release|Any CPU.ActiveCfg = Release|Any CPU
		{F6644025-A8B0-4B54-93F1-8D0CE0C6C452}.Release|Any CPU.Build.0 = Release|Any CPU
		{B2B47EC5-CCCC-490B-930F-926DFCCEC4F6}.Debug|Any CPU.ActiveCfg = Debug|Any CPU
		{B2B47EC5-CCCC-490B-930F-926DFCCEC4F6}.Debug|Any CPU.Build.0 = Debug|Any CPU
		{B2B47EC5-CCCC-490B-930F-926DFCCEC4F6}.Release|Any CPU.ActiveCfg = Release|Any CPU
		{B2B47EC5-CCCC-490B-930F-926DFCCEC4F6}.Release|Any CPU.Build.0 = Release|Any CPU
		{BCB4A3A7-EC06-4442-A0BA-E63034FDEF11}.Debug|Any CPU.ActiveCfg = Debug|Any CPU
		{BCB4A3A7-EC06-4442-A0BA-E63034FDEF11}.Debug|Any CPU.Build.0 = Debug|Any CPU
		{BCB4A3A7-EC06-4442-A0BA-E63034FDEF11}.Release|Any CPU.ActiveCfg = Release|Any CPU
		{BCB4A3A7-EC06-4442-A0BA-E63034FDEF11}.Release|Any CPU.Build.0 = Release|Any CPU
		{1FC6A23A-EA1A-43DD-8388-08750D98CCE8}.Debug|Any CPU.ActiveCfg = Debug|Any CPU
		{1FC6A23A-EA1A-43DD-8388-08750D98CCE8}.Debug|Any CPU.Build.0 = Debug|Any CPU
		{1FC6A23A-EA1A-43DD-8388-08750D98CCE8}.Release|Any CPU.ActiveCfg = Release|Any CPU
		{1FC6A23A-EA1A-43DD-8388-08750D98CCE8}.Release|Any CPU.Build.0 = Release|Any CPU
		{28054378-F0B2-4C79-8D89-E484E453E657}.Debug|Any CPU.ActiveCfg = Debug|Any CPU
		{28054378-F0B2-4C79-8D89-E484E453E657}.Debug|Any CPU.Build.0 = Debug|Any CPU
		{28054378-F0B2-4C79-8D89-E484E453E657}.Release|Any CPU.ActiveCfg = Release|Any CPU
		{28054378-F0B2-4C79-8D89-E484E453E657}.Release|Any CPU.Build.0 = Release|Any CPU
		{056CFCD8-B6C6-4588-BAA0-7B226DD90F42}.Debug|Any CPU.ActiveCfg = Debug|Any CPU
		{056CFCD8-B6C6-4588-BAA0-7B226DD90F42}.Debug|Any CPU.Build.0 = Debug|Any CPU
		{056CFCD8-B6C6-4588-BAA0-7B226DD90F42}.Release|Any CPU.ActiveCfg = Release|Any CPU
		{056CFCD8-B6C6-4588-BAA0-7B226DD90F42}.Release|Any CPU.Build.0 = Release|Any CPU
		{B2BA4A42-1A57-4509-AEC7-1AA610ABD5A9}.Debug|Any CPU.ActiveCfg = Debug|Any CPU
		{B2BA4A42-1A57-4509-AEC7-1AA610ABD5A9}.Debug|Any CPU.Build.0 = Debug|Any CPU
		{B2BA4A42-1A57-4509-AEC7-1AA610ABD5A9}.Release|Any CPU.ActiveCfg = Release|Any CPU
		{B2BA4A42-1A57-4509-AEC7-1AA610ABD5A9}.Release|Any CPU.Build.0 = Release|Any CPU
		{3EFE3C52-A465-4F6E-948D-C7B836AAFCAD}.Debug|Any CPU.ActiveCfg = Debug|Any CPU
		{3EFE3C52-A465-4F6E-948D-C7B836AAFCAD}.Debug|Any CPU.Build.0 = Debug|Any CPU
		{3EFE3C52-A465-4F6E-948D-C7B836AAFCAD}.Release|Any CPU.ActiveCfg = Release|Any CPU
		{3EFE3C52-A465-4F6E-948D-C7B836AAFCAD}.Release|Any CPU.Build.0 = Release|Any CPU
		{5E0F1D4E-9372-701C-67F5-CC8287B87C81}.Debug|Any CPU.ActiveCfg = Debug|Any CPU
		{5E0F1D4E-9372-701C-67F5-CC8287B87C81}.Debug|Any CPU.Build.0 = Debug|Any CPU
		{5E0F1D4E-9372-701C-67F5-CC8287B87C81}.Release|Any CPU.ActiveCfg = Release|Any CPU
		{5E0F1D4E-9372-701C-67F5-CC8287B87C81}.Release|Any CPU.Build.0 = Release|Any CPU
	EndGlobalSection
	GlobalSection(SolutionProperties) = preSolution
		HideSolutionNode = FALSE
	EndGlobalSection
	GlobalSection(NestedProjects) = preSolution
		{70B6C238-11DC-4925-80F6-FF6903A3B549} = {36D591C7-65C7-A0D1-1CBC-10CDE441BDC8}
		{F6644025-A8B0-4B54-93F1-8D0CE0C6C452} = {36D591C7-65C7-A0D1-1CBC-10CDE441BDC8}
		{B2B47EC5-CCCC-490B-930F-926DFCCEC4F6} = {C500046C-0E96-4017-902A-D72B27344E4A}
		{BCB4A3A7-EC06-4442-A0BA-E63034FDEF11} = {C500046C-0E96-4017-902A-D72B27344E4A}
		{1FC6A23A-EA1A-43DD-8388-08750D98CCE8} = {E44D6E0F-717C-4949-AFD5-66BBBED28650}
		{28054378-F0B2-4C79-8D89-E484E453E657} = {36BAF269-5F5F-4CD0-B486-A351F1B20F74}
		{056CFCD8-B6C6-4588-BAA0-7B226DD90F42} = {21C9F96A-1D37-43D9-A6BC-CCCA7D72E0EE}
		{B2BA4A42-1A57-4509-AEC7-1AA610ABD5A9} = {07D2B0C1-7038-4DE5-8888-115B0DFE8CF7}
		{3EFE3C52-A465-4F6E-948D-C7B836AAFCAD} = {B922EDAC-30A2-40C6-A14B-CFF55566A521}
		{5E0F1D4E-9372-701C-67F5-CC8287B87C81} = {B922EDAC-30A2-40C6-A14B-CFF55566A521}
	EndGlobalSection
	GlobalSection(ExtensibilityGlobals) = postSolution
		SolutionGuid = {E36E670E-FC7B-4ED0-ADEB-0274528E8EED}
	EndGlobalSection
EndGlobal
